
Microsoft Visual Studio Solution File, Format Version 12.00
# Visual Studio Version 16
VisualStudioVersion = 16.0.29409.12
MinimumVisualStudioVersion = 10.0.40219.1
Project("{FAE04EC0-301F-11D3-BF4B-00C04F79EFBC}") = "OutputCheck4", "OutputCheck4\OutputCheck4.csproj", "{529335FC-E5B3-4192-90A3-C8C1F5C605E8}"
EndProject
Global
	GlobalSection(SolutionConfigurationPlatforms) = preSolution
		Debug|Any CPU = Debug|Any CPU
		Release|Any CPU = Release|Any CPU
	EndGlobalSection
	GlobalSection(ProjectConfigurationPlatforms) = postSolution
		{529335FC-E5B3-4192-90A3-C8C1F5C605E8}.Debug|Any CPU.ActiveCfg = Debug|Any CPU
		{529335FC-E5B3-4192-90A3-C8C1F5C605E8}.Debug|Any CPU.Build.0 = Debug|Any CPU
		{529335FC-E5B3-4192-90A3-C8C1F5C605E8}.Release|Any CPU.ActiveCfg = Release|Any CPU
		{529335FC-E5B3-4192-90A3-C8C1F5C605E8}.Release|Any CPU.Build.0 = Release|Any CPU
	EndGlobalSection
	GlobalSection(SolutionProperties) = preSolution
		HideSolutionNode = FALSE
	EndGlobalSection
	GlobalSection(ExtensibilityGlobals) = postSolution
		SolutionGuid = {BE2DF2A6-305A-41E8-8CB8-1833F8D00E61}
	EndGlobalSection
EndGlobal
