
Microsoft Visual Studio Solution File, Format Version 12.00
# Visual Studio Version 16
VisualStudioVersion = 16.0.29409.12
MinimumVisualStudioVersion = 10.0.40219.1
Project("{FAE04EC0-301F-11D3-BF4B-00C04F79EFBC}") = "Delegates", "Delegates\Delegates.csproj", "{85CCC9D1-34C8-4579-B768-89EB7909C01D}"
EndProject
Global
	GlobalSection(SolutionConfigurationPlatforms) = preSolution
		Debug|Any CPU = Debug|Any CPU
		Release|Any CPU = Release|Any CPU
	EndGlobalSection
	GlobalSection(ProjectConfigurationPlatforms) = postSolution
		{85CCC9D1-34C8-4579-B768-89EB7909C01D}.Debug|Any CPU.ActiveCfg = Debug|Any CPU
		{85CCC9D1-34C8-4579-B768-89EB7909C01D}.Debug|Any CPU.Build.0 = Debug|Any CPU
		{85CCC9D1-34C8-4579-B768-89EB7909C01D}.Release|Any CPU.ActiveCfg = Release|Any CPU
		{85CCC9D1-34C8-4579-B768-89EB7909C01D}.Release|Any CPU.Build.0 = Release|Any CPU
	EndGlobalSection
	GlobalSection(SolutionProperties) = preSolution
		HideSolutionNode = FALSE
	EndGlobalSection
	GlobalSection(ExtensibilityGlobals) = postSolution
		SolutionGuid = {47F7B852-6C9B-485D-9CAA-7BCD2934B7FF}
	EndGlobalSection
EndGlobal
