
Microsoft Visual Studio Solution File, Format Version 12.00
# Visual Studio Version 16
VisualStudioVersion = 16.0.29409.12
MinimumVisualStudioVersion = 10.0.40219.1
Project("{FAE04EC0-301F-11D3-BF4B-00C04F79EFBC}") = "Parent_Portal", "Parent_Portal\Parent_Portal.csproj", "{37D05543-2C3E-4128-8CDD-106209C6D1F9}"
EndProject
Global
	GlobalSection(SolutionConfigurationPlatforms) = preSolution
		Debug|Any CPU = Debug|Any CPU
		Release|Any CPU = Release|Any CPU
	EndGlobalSection
	GlobalSection(ProjectConfigurationPlatforms) = postSolution
		{37D05543-2C3E-4128-8CDD-106209C6D1F9}.Debug|Any CPU.ActiveCfg = Debug|Any CPU
		{37D05543-2C3E-4128-8CDD-106209C6D1F9}.Debug|Any CPU.Build.0 = Debug|Any CPU
		{37D05543-2C3E-4128-8CDD-106209C6D1F9}.Release|Any CPU.ActiveCfg = Release|Any CPU
		{37D05543-2C3E-4128-8CDD-106209C6D1F9}.Release|Any CPU.Build.0 = Release|Any CPU
	EndGlobalSection
	GlobalSection(SolutionProperties) = preSolution
		HideSolutionNode = FALSE
	EndGlobalSection
	GlobalSection(ExtensibilityGlobals) = postSolution
		SolutionGuid = {5FC7B0BB-B7EF-4486-8F32-AFBFBE3FA26B}
	EndGlobalSection
EndGlobal
